# THIS IS AN AUTOGENERATED FILE. DO NOT EDIT THIS FILE DIRECTLY.
# yarn lockfile v1


"abbrev@1", "abbrev@1.0.x":
  "resolved" "https://registry.npmjs.org/abbrev/-/abbrev-1.0.9.tgz"
  "version" "1.0.9"

"abstract-leveldown@~0.12.1":
  "resolved" "https://registry.npmjs.org/abstract-leveldown/-/abstract-leveldown-0.12.4.tgz"
  "version" "0.12.4"
  dependencies:
    "xtend" "~3.0.0"

"abstract-leveldown@~2.6.0":
  "version" "2.6.3"
  dependencies:
    "xtend" "~4.0.0"

"abstract-leveldown@~2.7.1":
  "version" "2.7.2"
  dependencies:
    "xtend" "~4.0.0"

"abstract-leveldown@~5.0.0":
  "version" "5.0.0"
  dependencies:
    "xtend" "~4.0.0"

"abstract-leveldown@~6.2.1":
  "version" "6.2.3"
  dependencies:
    "buffer" "^5.5.0"
    "immediate" "^3.2.3"
    "level-concat-iterator" "~2.0.0"
    "level-supports" "~1.0.0"
    "xtend" "~4.0.0"

"acorn-jsx@^3.0.0":
  "resolved" "https://registry.npmjs.org/acorn-jsx/-/acorn-jsx-3.0.1.tgz"
  "version" "3.0.1"
  dependencies:
    "acorn" "^3.0.4"

"acorn@^3.0.4":
  "resolved" "https://registry.npmjs.org/acorn/-/acorn-3.3.0.tgz"
  "version" "3.3.0"

"acorn@^5.5.0":
  "version" "5.7.4"

"ajv-keywords@^1.0.0":
  "resolved" "https://registry.npmjs.org/ajv-keywords/-/ajv-keywords-1.5.1.tgz"
  "version" "1.5.1"

"ajv@^4.7.0", "ajv@>=4.10.0":
  "version" "4.11.8"
  dependencies:
    "co" "^4.6.0"
    "json-stable-stringify" "^1.0.1"

"amdefine@>=0.0.4":
  "resolved" "https://registry.npmjs.org/amdefine/-/amdefine-1.0.1.tgz"
  "version" "1.0.1"

"ansi-escapes@^1.1.0":
  "resolved" "https://registry.npmjs.org/ansi-escapes/-/ansi-escapes-1.4.0.tgz"
  "version" "1.4.0"

"ansi-regex@^2.0.0":
  "resolved" "https://registry.npmjs.org/ansi-regex/-/ansi-regex-2.1.1.tgz"
  "version" "2.1.1"

"ansi-regex@^3.0.0":
  "version" "3.0.1"

"ansi-styles@^2.2.1":
  "resolved" "https://registry.npmjs.org/ansi-styles/-/ansi-styles-2.2.1.tgz"
  "version" "2.2.1"

"argparse@^1.0.7":
  "version" "1.0.10"
  dependencies:
    "sprintf-js" "~1.0.2"

"array.prototype.find@^2.0.1":
  "version" "2.2.0"
  dependencies:
    "call-bind" "^1.0.2"
    "define-properties" "^1.1.3"
    "es-abstract" "^1.19.4"
    "es-shim-unscopables" "^1.0.0"

"async-q@^0.2.2":
  "resolved" "https://registry.npmjs.org/async-q/-/async-q-0.2.2.tgz"
  "version" "0.2.2"
  dependencies:
    "q" "~1.0.0"
    "throat" "~1.0.0"

"async@^1.4.2", "async@1.x":
  "resolved" "https://registry.npmjs.org/async/-/async-1.5.2.tgz"
  "version" "1.5.2"

"async@^2.6.1":
  "version" "2.6.4"
  dependencies:
    "lodash" "^4.17.14"

"available-typed-arrays@^1.0.5":
  "version" "1.0.5"

"aws-sdk-q@0.0.2":
  "resolved" "https://registry.npmjs.org/aws-sdk-q/-/aws-sdk-q-0.0.2.tgz"
  "version" "0.0.2"
  dependencies:
    "q" "^1.1.2"

"aws-sdk@^2.2.9", "aws-sdk@>= 2.1.5":
  "version" "2.1233.0"
  dependencies:
    "buffer" "4.9.2"
    "events" "1.1.1"
    "ieee754" "1.1.13"
    "jmespath" "0.16.0"
    "querystring" "0.2.0"
    "sax" "1.2.1"
    "url" "0.10.3"
    "util" "^0.12.4"
    "uuid" "8.0.0"
    "xml2js" "0.4.19"

"babel-code-frame@^6.16.0":
  "version" "6.26.0"
  dependencies:
    "chalk" "^1.1.3"
    "esutils" "^2.0.2"
    "js-tokens" "^3.0.2"

"babel-runtime@^5.2.17", "babel-runtime@^5.8.29":
  "resolved" "https://registry.npmjs.org/babel-runtime/-/babel-runtime-5.8.38.tgz"
  "version" "5.8.38"
  dependencies:
    "core-js" "^1.0.0"

"balanced-match@^1.0.0":
  "version" "1.0.2"

"base64-js@^1.0.2", "base64-js@^1.3.1":
  "version" "1.5.1"

"big-integer@^1.6.7":
  "version" "1.6.51"

"big.js@^3.1.3":
  "version" "3.2.0"

"bignumber.js@^8.0.2":
  "version" "8.1.1"

"bl@~0.8.1":
  "resolved" "https://registry.npmjs.org/bl/-/bl-0.8.2.tgz"
  "version" "0.8.2"
  dependencies:
    "readable-stream" "~1.0.26"

"bluebird@^3.3.1":
  "version" "3.7.2"

"brace-expansion@^1.1.7":
  "version" "1.1.11"
  dependencies:
    "balanced-match" "^1.0.0"
    "concat-map" "0.0.1"

"browser-stdout@1.3.0":
  "resolved" "https://registry.npmjs.org/browser-stdout/-/browser-stdout-1.3.0.tgz"
  "version" "1.3.0"

"buffer-crc32@^0.2.5":
  "resolved" "https://registry.npmjs.org/buffer-crc32/-/buffer-crc32-0.2.13.tgz"
  "version" "0.2.13"

"buffer-from@^1.0.0":
  "version" "1.1.2"

"buffer@^5.5.0":
  "version" "5.7.1"
  dependencies:
    "base64-js" "^1.3.1"
    "ieee754" "^1.1.13"

"buffer@4.9.2":
  "version" "4.9.2"
  dependencies:
    "base64-js" "^1.0.2"
    "ieee754" "^1.1.4"
    "isarray" "^1.0.0"

"builtin-modules@^1.1.1":
  "resolved" "https://registry.npmjs.org/builtin-modules/-/builtin-modules-1.1.1.tgz"
  "version" "1.1.1"

"bytewise-core@^1.2.2":
  "resolved" "https://registry.npmjs.org/bytewise-core/-/bytewise-core-1.2.3.tgz"
  "version" "1.2.3"
  dependencies:
    "typewise-core" "^1.2"

"bytewise@~1.1.0":
  "resolved" "https://registry.npmjs.org/bytewise/-/bytewise-1.1.0.tgz"
  "version" "1.1.0"
  dependencies:
    "bytewise-core" "^1.2.2"
    "typewise" "^1.0.3"

"call-bind@^1.0.0", "call-bind@^1.0.2":
  "version" "1.0.2"
  dependencies:
    "function-bind" "^1.1.1"
    "get-intrinsic" "^1.0.2"

"caller-path@^0.1.0":
  "resolved" "https://registry.npmjs.org/caller-path/-/caller-path-0.1.0.tgz"
  "version" "0.1.0"
  dependencies:
    "callsites" "^0.2.0"

"callsites@^0.2.0":
  "resolved" "https://registry.npmjs.org/callsites/-/callsites-0.2.0.tgz"
  "version" "0.2.0"

"chalk@^1.0.0", "chalk@^1.1.1", "chalk@^1.1.3":
  "resolved" "https://registry.npmjs.org/chalk/-/chalk-1.1.3.tgz"
  "version" "1.1.3"
  dependencies:
    "ansi-styles" "^2.2.1"
    "escape-string-regexp" "^1.0.2"
    "has-ansi" "^2.0.0"
    "strip-ansi" "^3.0.0"
    "supports-color" "^2.0.0"

"charenc@0.0.2":
  "version" "0.0.2"

"circular-json@^0.3.1":
  "version" "0.3.3"

"cli-cursor@^1.0.1":
  "resolved" "https://registry.npmjs.org/cli-cursor/-/cli-cursor-1.0.2.tgz"
  "version" "1.0.2"
  dependencies:
    "restore-cursor" "^1.0.1"

"cli-width@^2.0.0":
  "version" "2.2.1"

"co@^4.6.0":
  "resolved" "https://registry.npmjs.org/co/-/co-4.6.0.tgz"
  "version" "4.6.0"

"code-point-at@^1.0.0":
  "resolved" "https://registry.npmjs.org/code-point-at/-/code-point-at-1.1.0.tgz"
  "version" "1.1.0"

"commander@2.9.0":
  "resolved" "https://registry.npmjs.org/commander/-/commander-2.9.0.tgz"
  "version" "2.9.0"
  dependencies:
    "graceful-readlink" ">= 1.0.0"

"concat-map@0.0.1":
  "resolved" "https://registry.npmjs.org/concat-map/-/concat-map-0.0.1.tgz"
  "version" "0.0.1"

"concat-stream@^1.5.2":
  "version" "1.6.2"
  dependencies:
    "buffer-from" "^1.0.0"
    "inherits" "^2.0.3"
    "readable-stream" "^2.2.2"
    "typedarray" "^0.0.6"

"contains-path@^0.1.0":
  "resolved" "https://registry.npmjs.org/contains-path/-/contains-path-0.1.0.tgz"
  "version" "0.1.0"

"core-js@^1.0.0":
  "resolved" "https://registry.npmjs.org/core-js/-/core-js-1.2.7.tgz"
  "version" "1.2.7"

"core-util-is@~1.0.0":
  "version" "1.0.3"

"crypt@0.0.2":
  "version" "0.0.2"

"csv-parser@^3.0.0":
  "integrity" "sha512-s6OYSXAK3IdKqYO33y09jhypG/bSDHPuyCme/IdEHfWpLf/jKcpitVFyOC6UemgGk8v7Q5u2XE0vvwmanxhGlQ=="
  "resolved" "https://registry.npmjs.org/csv-parser/-/csv-parser-3.0.0.tgz"
  "version" "3.0.0"
  dependencies:
    "minimist" "^1.2.0"

"d@^1.0.1", "d@1":
  "version" "1.0.1"
  dependencies:
    "es5-ext" "^0.10.50"
    "type" "^1.0.1"

"damerau-levenshtein@^1.0.0":
  "version" "1.0.8"

"debug@^2.1.1", "debug@^2.2.0":
  "version" "2.6.9"
  dependencies:
    "ms" "2.0.0"

"debug@2.6.8":
  "version" "2.6.8"
  dependencies:
    "ms" "2.0.0"

"deep-is@~0.1.3":
  "version" "0.1.4"

"deferred-leveldown@~0.2.0":
  "resolved" "https://registry.npmjs.org/deferred-leveldown/-/deferred-leveldown-0.2.0.tgz"
  "version" "0.2.0"
  dependencies:
    "abstract-leveldown" "~0.12.1"

"deferred-leveldown@~1.2.1":
  "version" "1.2.2"
  dependencies:
    "abstract-leveldown" "~2.6.0"

"deferred-leveldown@~5.3.0":
  "version" "5.3.0"
  dependencies:
    "abstract-leveldown" "~6.2.1"
    "inherits" "^2.0.3"

"define-properties@^1.1.3", "define-properties@^1.1.4":
  "version" "1.1.4"
  dependencies:
    "has-property-descriptors" "^1.0.0"
    "object-keys" "^1.1.1"

"diff@3.2.0":
  "version" "3.2.0"

"dispatch-recursive@^1.0.2":
  "resolved" "https://registry.npmjs.org/dispatch-recursive/-/dispatch-recursive-1.0.2.tgz"
  "version" "1.0.2"
  dependencies:
    "babel-runtime" "^5.2.17"
    "lodash" "^3.10.1"

"doctrine@^1.2.2":
  "version" "1.5.0"
  dependencies:
    "esutils" "^2.0.2"
    "isarray" "^1.0.0"

"doctrine@^2.0.0":
  "version" "2.1.0"
  dependencies:
    "esutils" "^2.0.2"

"doctrine@1.3.x":
  "resolved" "https://registry.npmjs.org/doctrine/-/doctrine-1.3.0.tgz"
  "version" "1.3.0"
  dependencies:
    "esutils" "^2.0.2"
    "isarray" "^1.0.0"

"double-ended-queue@^2.1.0-0":
  "resolved" "https://registry.npmjs.org/double-ended-queue/-/double-ended-queue-2.1.0-0.tgz"
  "version" "2.1.0-0"

"dynalite@^0.16.0":
  "resolved" "https://registry.npmjs.org/dynalite/-/dynalite-0.16.0.tgz"
  "version" "0.16.0"
  dependencies:
    "async" "^1.4.2"
    "big.js" "^3.1.3"
    "buffer-crc32" "^0.2.5"
    "lazy" "^1.0.11"
    "level-sublevel" "^6.5.1"
    "levelup" "^1.2.1"
    "lock" "^0.1.2"
    "memdown" "^1.0.0"
    "minimist" "^1.2.0"
    "once" "^1.3.2"
  optionalDependencies:
    "leveldown" "^1.4.1"

"dynamodb-marshaler@^1.2.1":
  "resolved" "https://registry.npmjs.org/dynamodb-marshaler/-/dynamodb-marshaler-1.2.2.tgz"
  "version" "1.2.2"
  dependencies:
    "babel-runtime" "^5.8.29"
    "dispatch-recursive" "^1.0.2"
    "lodash" "^3.10.1"

"errno@~0.1.1":
  "version" "0.1.8"
  dependencies:
    "prr" "~1.0.1"

"es-abstract@^1.19.0", "es-abstract@^1.19.4", "es-abstract@^1.19.5", "es-abstract@^1.20.0":
  "version" "1.20.4"
  dependencies:
    "call-bind" "^1.0.2"
    "es-to-primitive" "^1.2.1"
    "function-bind" "^1.1.1"
    "function.prototype.name" "^1.1.5"
    "get-intrinsic" "^1.1.3"
    "get-symbol-description" "^1.0.0"
    "has" "^1.0.3"
    "has-property-descriptors" "^1.0.0"
    "has-symbols" "^1.0.3"
    "internal-slot" "^1.0.3"
    "is-callable" "^1.2.7"
    "is-negative-zero" "^2.0.2"
    "is-regex" "^1.1.4"
    "is-shared-array-buffer" "^1.0.2"
    "is-string" "^1.0.7"
    "is-weakref" "^1.0.2"
    "object-inspect" "^1.12.2"
    "object-keys" "^1.1.1"
    "object.assign" "^4.1.4"
    "regexp.prototype.flags" "^1.4.3"
    "safe-regex-test" "^1.0.0"
    "string.prototype.trimend" "^1.0.5"
    "string.prototype.trimstart" "^1.0.5"
    "unbox-primitive" "^1.0.2"

"es-shim-unscopables@^1.0.0":
  "version" "1.0.0"
  dependencies:
    "has" "^1.0.3"

"es-to-primitive@^1.2.1":
  "version" "1.2.1"
  dependencies:
    "is-callable" "^1.1.4"
    "is-date-object" "^1.0.1"
    "is-symbol" "^1.0.2"

"es5-ext@^0.10.35", "es5-ext@^0.10.46", "es5-ext@^0.10.50", "es5-ext@^0.10.62", "es5-ext@~0.10.14":
  "version" "0.10.62"
  dependencies:
    "es6-iterator" "^2.0.3"
    "es6-symbol" "^3.1.3"
    "next-tick" "^1.1.0"

"es6-iterator@^2.0.3", "es6-iterator@~2.0.1", "es6-iterator@~2.0.3":
  "version" "2.0.3"
  dependencies:
    "d" "1"
    "es5-ext" "^0.10.35"
    "es6-symbol" "^3.1.1"

"es6-map@^0.1.3":
  "resolved" "https://registry.npmjs.org/es6-map/-/es6-map-0.1.5.tgz"
  "version" "0.1.5"
  dependencies:
    "d" "1"
    "es5-ext" "~0.10.14"
    "es6-iterator" "~2.0.1"
    "es6-set" "~0.1.5"
    "es6-symbol" "~3.1.1"
    "event-emitter" "~0.3.5"

"es6-set@^0.1.4", "es6-set@~0.1.5":
  "version" "0.1.6"
  dependencies:
    "d" "^1.0.1"
    "es5-ext" "^0.10.62"
    "es6-iterator" "~2.0.3"
    "es6-symbol" "^3.1.3"
    "event-emitter" "^0.3.5"
    "type" "^2.7.2"

"es6-symbol@^3.1.1", "es6-symbol@^3.1.3", "es6-symbol@~3.1.1":
  "version" "3.1.3"
  dependencies:
    "d" "^1.0.1"
    "ext" "^1.1.2"

"es6-weak-map@^2.0.1":
  "version" "2.0.3"
  dependencies:
    "d" "1"
    "es5-ext" "^0.10.46"
    "es6-iterator" "^2.0.3"
    "es6-symbol" "^3.1.1"

"escape-string-regexp@^1.0.2", "escape-string-regexp@^1.0.5", "escape-string-regexp@1.0.5":
  "resolved" "https://registry.npmjs.org/escape-string-regexp/-/escape-string-regexp-1.0.5.tgz"
  "version" "1.0.5"

"escodegen@1.8.x":
  "resolved" "https://registry.npmjs.org/escodegen/-/escodegen-1.8.1.tgz"
  "version" "1.8.1"
  dependencies:
    "esprima" "^2.7.1"
    "estraverse" "^1.9.1"
    "esutils" "^2.0.2"
    "optionator" "^0.8.1"
  optionalDependencies:
    "source-map" "~0.2.0"

"escope@^3.6.0":
  "resolved" "https://registry.npmjs.org/escope/-/escope-3.6.0.tgz"
  "version" "3.6.0"
  dependencies:
    "es6-map" "^0.1.3"
    "es6-weak-map" "^2.0.1"
    "esrecurse" "^4.1.0"
    "estraverse" "^4.1.1"

"eslint-config-airbnb-base@^8.0.0":
  "resolved" "https://registry.npmjs.org/eslint-config-airbnb-base/-/eslint-config-airbnb-base-8.0.0.tgz"
  "version" "8.0.0"

"eslint-config-airbnb@^12.0.0":
  "resolved" "https://registry.npmjs.org/eslint-config-airbnb/-/eslint-config-airbnb-12.0.0.tgz"
  "version" "12.0.0"
  dependencies:
    "eslint-config-airbnb-base" "^8.0.0"

"eslint-config-mm@https://github.com/machinemetrics/eslint-config-mm":
  "resolved" "git+ssh://git@github.com/machinemetrics/eslint-config-mm.git#a1c70706f0a1d9ad6d7969fdca8ff4e4eaab40c2"
  "version" "0.0.1"
  dependencies:
    "eslint-config-airbnb" "^12.0.0"

"eslint-import-resolver-node@^0.2.0":
  "resolved" "https://registry.npmjs.org/eslint-import-resolver-node/-/eslint-import-resolver-node-0.2.3.tgz"
  "version" "0.2.3"
  dependencies:
    "debug" "^2.2.0"
    "object-assign" "^4.0.1"
    "resolve" "^1.1.6"

"eslint-plugin-import@^1.16.0":
  "resolved" "https://registry.npmjs.org/eslint-plugin-import/-/eslint-plugin-import-1.16.0.tgz"
  "version" "1.16.0"
  dependencies:
    "builtin-modules" "^1.1.1"
    "contains-path" "^0.1.0"
    "debug" "^2.2.0"
    "doctrine" "1.3.x"
    "es6-map" "^0.1.3"
    "es6-set" "^0.1.4"
    "eslint-import-resolver-node" "^0.2.0"
    "has" "^1.0.1"
    "lodash.cond" "^4.3.0"
    "lodash.endswith" "^4.0.1"
    "lodash.find" "^4.3.0"
    "lodash.findindex" "^4.3.0"
    "minimatch" "^3.0.3"
    "object-assign" "^4.0.1"
    "pkg-dir" "^1.0.0"
    "pkg-up" "^1.0.0"

"eslint-plugin-jsx-a11y@^2.2.2", "eslint-plugin-jsx-a11y@^2.2.3":
  "resolved" "https://registry.npmjs.org/eslint-plugin-jsx-a11y/-/eslint-plugin-jsx-a11y-2.2.3.tgz"
  "version" "2.2.3"
  dependencies:
    "damerau-levenshtein" "^1.0.0"
    "jsx-ast-utils" "^1.0.0"
    "object-assign" "^4.0.1"

"eslint-plugin-react@^6.3.0", "eslint-plugin-react@^6.4.1":
  "resolved" "https://registry.npmjs.org/eslint-plugin-react/-/eslint-plugin-react-6.10.3.tgz"
  "version" "6.10.3"
  dependencies:
    "array.prototype.find" "^2.0.1"
    "doctrine" "^1.2.2"
    "has" "^1.0.1"
    "jsx-ast-utils" "^1.3.4"
    "object.assign" "^4.0.4"

"eslint@^2.0.0 || ^3.0.0", "eslint@^2.10.2 || 3.x", "eslint@^3.13.1", "eslint@^3.6.0", "eslint@2.x - 3.x":
  "version" "3.19.0"
  dependencies:
    "babel-code-frame" "^6.16.0"
    "chalk" "^1.1.3"
    "concat-stream" "^1.5.2"
    "debug" "^2.1.1"
    "doctrine" "^2.0.0"
    "escope" "^3.6.0"
    "espree" "^3.4.0"
    "esquery" "^1.0.0"
    "estraverse" "^4.2.0"
    "esutils" "^2.0.2"
    "file-entry-cache" "^2.0.0"
    "glob" "^7.0.3"
    "globals" "^9.14.0"
    "ignore" "^3.2.0"
    "imurmurhash" "^0.1.4"
    "inquirer" "^0.12.0"
    "is-my-json-valid" "^2.10.0"
    "is-resolvable" "^1.0.0"
    "js-yaml" "^3.5.1"
    "json-stable-stringify" "^1.0.0"
    "levn" "^0.3.0"
    "lodash" "^4.0.0"
    "mkdirp" "^0.5.0"
    "natural-compare" "^1.4.0"
    "optionator" "^0.8.2"
    "path-is-inside" "^1.0.1"
    "pluralize" "^1.2.1"
    "progress" "^1.1.8"
    "require-uncached" "^1.0.2"
    "shelljs" "^0.7.5"
    "strip-bom" "^3.0.0"
    "strip-json-comments" "~2.0.1"
    "table" "^3.7.8"
    "text-table" "~0.2.0"
    "user-home" "^2.0.0"

"espree@^3.4.0":
  "version" "3.5.4"
  dependencies:
    "acorn" "^5.5.0"
    "acorn-jsx" "^3.0.0"

"esprima@^2.7.1":
  "resolved" "https://registry.npmjs.org/esprima/-/esprima-2.7.3.tgz"
  "version" "2.7.3"

"esprima@^4.0.0":
  "version" "4.0.1"

"esprima@2.7.x":
  "resolved" "https://registry.npmjs.org/esprima/-/esprima-2.7.3.tgz"
  "version" "2.7.3"

"esquery@^1.0.0":
  "version" "1.4.0"
  dependencies:
    "estraverse" "^5.1.0"

"esrecurse@^4.1.0":
  "version" "4.3.0"
  dependencies:
    "estraverse" "^5.2.0"

"estraverse@^1.9.1":
  "resolved" "https://registry.npmjs.org/estraverse/-/estraverse-1.9.3.tgz"
  "version" "1.9.3"

"estraverse@^4.1.1", "estraverse@^4.2.0":
  "version" "4.3.0"

"estraverse@^5.1.0":
  "version" "5.3.0"

"estraverse@^5.2.0":
  "version" "5.3.0"

"esutils@^2.0.2":
  "version" "2.0.3"

"event-emitter@^0.3.5", "event-emitter@~0.3.5":
  "resolved" "https://registry.npmjs.org/event-emitter/-/event-emitter-0.3.5.tgz"
  "version" "0.3.5"
  dependencies:
    "d" "1"
    "es5-ext" "~0.10.14"

"events@1.1.1":
  "version" "1.1.1"

"exit-hook@^1.0.0":
  "resolved" "https://registry.npmjs.org/exit-hook/-/exit-hook-1.1.1.tgz"
  "version" "1.1.1"

"ext@^1.1.2":
  "version" "1.7.0"
  dependencies:
    "type" "^2.7.2"

"fast-levenshtein@~2.0.6":
  "version" "2.0.6"

"figures@^1.3.5":
  "resolved" "https://registry.npmjs.org/figures/-/figures-1.7.0.tgz"
  "version" "1.7.0"
  dependencies:
    "escape-string-regexp" "^1.0.5"
    "object-assign" "^4.1.0"

"file-entry-cache@^2.0.0":
  "resolved" "https://registry.npmjs.org/file-entry-cache/-/file-entry-cache-2.0.0.tgz"
  "version" "2.0.0"
  dependencies:
    "flat-cache" "^1.2.1"
    "object-assign" "^4.0.1"

"find-up@^1.0.0":
  "resolved" "https://registry.npmjs.org/find-up/-/find-up-1.1.2.tgz"
  "version" "1.1.2"
  dependencies:
    "path-exists" "^2.0.0"
    "pinkie-promise" "^2.0.0"

"flat-cache@^1.2.1":
  "version" "1.3.4"
  dependencies:
    "circular-json" "^0.3.1"
    "graceful-fs" "^4.1.2"
    "rimraf" "~2.6.2"
    "write" "^0.2.1"

"for-each@^0.3.3":
  "version" "0.3.3"
  dependencies:
    "is-callable" "^1.1.3"

"fs.realpath@^1.0.0":
  "resolved" "https://registry.npmjs.org/fs.realpath/-/fs.realpath-1.0.0.tgz"
  "version" "1.0.0"

"function-bind@^1.1.1":
  "version" "1.1.1"

"function.prototype.name@^1.1.5":
  "version" "1.1.5"
  dependencies:
    "call-bind" "^1.0.2"
    "define-properties" "^1.1.3"
    "es-abstract" "^1.19.0"
    "functions-have-names" "^1.2.2"

"functional-red-black-tree@^1.0.1", "functional-red-black-tree@~1.0.1":
  "resolved" "https://registry.npmjs.org/functional-red-black-tree/-/functional-red-black-tree-1.0.1.tgz"
  "version" "1.0.1"

"functions-have-names@^1.2.2":
  "version" "1.2.3"

"generate-function@^2.0.0":
  "version" "2.3.1"
  dependencies:
    "is-property" "^1.0.2"

"generate-object-property@^1.1.0":
  "resolved" "https://registry.npmjs.org/generate-object-property/-/generate-object-property-1.2.0.tgz"
  "version" "1.2.0"
  dependencies:
    "is-property" "^1.0.0"

"get-intrinsic@^1.0.2", "get-intrinsic@^1.1.0", "get-intrinsic@^1.1.1", "get-intrinsic@^1.1.3":
  "version" "1.1.3"
  dependencies:
    "function-bind" "^1.1.1"
    "has" "^1.0.3"
    "has-symbols" "^1.0.3"

"get-symbol-description@^1.0.0":
  "version" "1.0.0"
  dependencies:
    "call-bind" "^1.0.2"
    "get-intrinsic" "^1.1.1"

"glob@^5.0.15":
  "resolved" "https://registry.npmjs.org/glob/-/glob-5.0.15.tgz"
  "version" "5.0.15"
  dependencies:
    "inflight" "^1.0.4"
    "inherits" "2"
    "minimatch" "2 || 3"
    "once" "^1.3.0"
    "path-is-absolute" "^1.0.0"

"glob@^7.0.0", "glob@^7.0.3", "glob@^7.1.3":
  "version" "7.2.3"
  dependencies:
    "fs.realpath" "^1.0.0"
    "inflight" "^1.0.4"
    "inherits" "2"
    "minimatch" "^3.1.1"
    "once" "^1.3.0"
    "path-is-absolute" "^1.0.0"

"glob@7.1.1":
  "version" "7.1.1"
  dependencies:
    "fs.realpath" "^1.0.0"
    "inflight" "^1.0.4"
    "inherits" "2"
    "minimatch" "^3.0.2"
    "once" "^1.3.0"
    "path-is-absolute" "^1.0.0"

"globals@^9.14.0":
  "version" "9.18.0"

"graceful-fs@^4.1.2":
  "version" "4.2.10"

"graceful-readlink@>= 1.0.0":
  "resolved" "https://registry.npmjs.org/graceful-readlink/-/graceful-readlink-1.0.1.tgz"
  "version" "1.0.1"

"growl@1.9.2":
  "resolved" "https://registry.npmjs.org/growl/-/growl-1.9.2.tgz"
  "version" "1.9.2"

"handlebars@^4.0.1":
  "version" "4.7.7"
  dependencies:
    "minimist" "^1.2.5"
    "neo-async" "^2.6.0"
    "source-map" "^0.6.1"
    "wordwrap" "^1.0.0"
  optionalDependencies:
    "uglify-js" "^3.1.4"

"has-ansi@^2.0.0":
  "resolved" "https://registry.npmjs.org/has-ansi/-/has-ansi-2.0.0.tgz"
  "version" "2.0.0"
  dependencies:
    "ansi-regex" "^2.0.0"

"has-bigints@^1.0.1", "has-bigints@^1.0.2":
  "version" "1.0.2"

"has-flag@^1.0.0":
  "resolved" "https://registry.npmjs.org/has-flag/-/has-flag-1.0.0.tgz"
  "version" "1.0.0"

"has-property-descriptors@^1.0.0":
  "version" "1.0.0"
  dependencies:
    "get-intrinsic" "^1.1.1"

"has-symbols@^1.0.2", "has-symbols@^1.0.3":
  "version" "1.0.3"

"has-tostringtag@^1.0.0":
  "version" "1.0.0"
  dependencies:
    "has-symbols" "^1.0.2"

"has@^1.0.1", "has@^1.0.3":
  "version" "1.0.3"
  dependencies:
    "function-bind" "^1.1.1"

"he@1.1.1":
  "version" "1.1.1"

"ieee754@^1.1.13", "ieee754@^1.1.4", "ieee754@1.1.13":
  "version" "1.1.13"

"ignore@^3.2.0":
  "version" "3.3.10"

"immediate@^3.2.3":
  "version" "3.3.0"

"immediate@~3.2.3":
  "version" "3.2.3"

"imurmurhash@^0.1.4":
  "resolved" "https://registry.npmjs.org/imurmurhash/-/imurmurhash-0.1.4.tgz"
  "version" "0.1.4"

"inflight@^1.0.4":
  "resolved" "https://registry.npmjs.org/inflight/-/inflight-1.0.6.tgz"
  "version" "1.0.6"
  dependencies:
    "once" "^1.3.0"
    "wrappy" "1"

"inherits@^2.0.1", "inherits@^2.0.3", "inherits@^2.0.4", "inherits@~2.0.1", "inherits@~2.0.3", "inherits@2":
  "version" "2.0.4"

"inquirer@^0.12.0":
  "resolved" "https://registry.npmjs.org/inquirer/-/inquirer-0.12.0.tgz"
  "version" "0.12.0"
  dependencies:
    "ansi-escapes" "^1.1.0"
    "ansi-regex" "^2.0.0"
    "chalk" "^1.0.0"
    "cli-cursor" "^1.0.1"
    "cli-width" "^2.0.0"
    "figures" "^1.3.5"
    "lodash" "^4.3.0"
    "readline2" "^1.0.1"
    "run-async" "^0.1.0"
    "rx-lite" "^3.1.2"
    "string-width" "^1.0.1"
    "strip-ansi" "^3.0.0"
    "through" "^2.3.6"

"internal-slot@^1.0.3":
  "version" "1.0.3"
  dependencies:
    "get-intrinsic" "^1.1.0"
    "has" "^1.0.3"
    "side-channel" "^1.0.4"

"interpret@^1.0.0":
  "version" "1.4.0"

"is-arguments@^1.0.4":
  "version" "1.1.1"
  dependencies:
    "call-bind" "^1.0.2"
    "has-tostringtag" "^1.0.0"

"is-bigint@^1.0.1":
  "version" "1.0.4"
  dependencies:
    "has-bigints" "^1.0.1"

"is-boolean-object@^1.1.0":
  "version" "1.1.2"
  dependencies:
    "call-bind" "^1.0.2"
    "has-tostringtag" "^1.0.0"

"is-buffer@~1.1.6":
  "version" "1.1.6"

"is-callable@^1.1.3", "is-callable@^1.1.4", "is-callable@^1.2.7":
  "version" "1.2.7"

"is-core-module@^2.9.0":
  "version" "2.10.0"
  dependencies:
    "has" "^1.0.3"

"is-date-object@^1.0.1":
  "version" "1.0.5"
  dependencies:
    "has-tostringtag" "^1.0.0"

"is-fullwidth-code-point@^1.0.0":
  "resolved" "https://registry.npmjs.org/is-fullwidth-code-point/-/is-fullwidth-code-point-1.0.0.tgz"
  "version" "1.0.0"
  dependencies:
    "number-is-nan" "^1.0.0"

"is-fullwidth-code-point@^2.0.0":
  "resolved" "https://registry.npmjs.org/is-fullwidth-code-point/-/is-fullwidth-code-point-2.0.0.tgz"
  "version" "2.0.0"

"is-generator-function@^1.0.7":
  "version" "1.0.10"
  dependencies:
    "has-tostringtag" "^1.0.0"

"is-my-ip-valid@^1.0.0":
  "version" "1.0.1"

"is-my-json-valid@^2.10.0":
  "version" "2.20.6"
  dependencies:
    "generate-function" "^2.0.0"
    "generate-object-property" "^1.1.0"
    "is-my-ip-valid" "^1.0.0"
    "jsonpointer" "^5.0.0"
    "xtend" "^4.0.0"

"is-negative-zero@^2.0.2":
  "version" "2.0.2"

"is-number-object@^1.0.4":
  "version" "1.0.7"
  dependencies:
    "has-tostringtag" "^1.0.0"

"is-property@^1.0.0", "is-property@^1.0.2":
  "resolved" "https://registry.npmjs.org/is-property/-/is-property-1.0.2.tgz"
  "version" "1.0.2"

"is-regex@^1.1.4":
  "version" "1.1.4"
  dependencies:
    "call-bind" "^1.0.2"
    "has-tostringtag" "^1.0.0"

"is-resolvable@^1.0.0":
  "version" "1.1.0"

"is-shared-array-buffer@^1.0.2":
  "version" "1.0.2"
  dependencies:
    "call-bind" "^1.0.2"

"is-string@^1.0.5", "is-string@^1.0.7":
  "version" "1.0.7"
  dependencies:
    "has-tostringtag" "^1.0.0"

"is-symbol@^1.0.2", "is-symbol@^1.0.3":
  "version" "1.0.4"
  dependencies:
    "has-symbols" "^1.0.2"

"is-typed-array@^1.1.3", "is-typed-array@^1.1.9":
  "version" "1.1.9"
  dependencies:
    "available-typed-arrays" "^1.0.5"
    "call-bind" "^1.0.2"
    "es-abstract" "^1.20.0"
    "for-each" "^0.3.3"
    "has-tostringtag" "^1.0.0"

"is-weakref@^1.0.2":
  "version" "1.0.2"
  dependencies:
    "call-bind" "^1.0.2"

"isarray@^1.0.0", "isarray@~1.0.0":
  "resolved" "https://registry.npmjs.org/isarray/-/isarray-1.0.0.tgz"
  "version" "1.0.0"

"isarray@0.0.1":
  "resolved" "https://registry.npmjs.org/isarray/-/isarray-0.0.1.tgz"
  "version" "0.0.1"

"isexe@^2.0.0":
  "version" "2.0.0"

"istanbul@^0.4.5":
  "resolved" "https://registry.npmjs.org/istanbul/-/istanbul-0.4.5.tgz"
  "version" "0.4.5"
  dependencies:
    "abbrev" "1.0.x"
    "async" "1.x"
    "escodegen" "1.8.x"
    "esprima" "2.7.x"
    "glob" "^5.0.15"
    "handlebars" "^4.0.1"
    "js-yaml" "3.x"
    "mkdirp" "0.5.x"
    "nopt" "3.x"
    "once" "1.x"
    "resolve" "1.1.x"
    "supports-color" "^3.1.0"
    "which" "^1.1.1"
    "wordwrap" "^1.0.0"

"jmespath@0.16.0":
  "version" "0.16.0"

"js-tokens@^3.0.2":
  "version" "3.0.2"

"js-yaml@^3.5.1", "js-yaml@3.x":
  "version" "3.14.1"
  dependencies:
    "argparse" "^1.0.7"
    "esprima" "^4.0.0"

"json-stable-stringify@^1.0.0", "json-stable-stringify@^1.0.1":
  "resolved" "https://registry.npmjs.org/json-stable-stringify/-/json-stable-stringify-1.0.1.tgz"
  "version" "1.0.1"
  dependencies:
    "jsonify" "~0.0.0"

"json3@3.3.2":
  "resolved" "https://registry.npmjs.org/json3/-/json3-3.3.2.tgz"
  "version" "3.3.2"

"jsonify@~0.0.0":
  "version" "0.0.1"

"jsonpointer@^5.0.0":
  "version" "5.0.1"

"jsx-ast-utils@^1.0.0", "jsx-ast-utils@^1.3.4":
  "version" "1.4.1"

"kinesalite@^1.11.5":
  "version" "1.15.0"
  dependencies:
    "async" "^2.6.1"
    "bignumber.js" "^8.0.2"
    "lazy" "^1.0.11"
    "level-sublevel" "^6.6.5"
    "levelup" "^4.0.0"
    "lock" "^1.1.0"
    "memdown" "^3.0.0"
    "minimist" "^1.2.0"
    "node-uuid" "^1.4.7"
    "once" "^1.3.3"
  optionalDependencies:
    "leveldown" "^4.0.1"

"lazy@^1.0.11":
  "resolved" "https://registry.npmjs.org/lazy/-/lazy-1.0.11.tgz"
  "version" "1.0.11"

"level-codec@~7.0.0":
  "version" "7.0.1"

"level-concat-iterator@~2.0.0":
  "version" "2.0.1"

"level-errors@^1.0.3", "level-errors@~1.0.3":
  "version" "1.0.5"
  dependencies:
    "errno" "~0.1.1"

"level-errors@~2.0.0":
  "version" "2.0.1"
  dependencies:
    "errno" "~0.1.1"

"level-iterator-stream@~1.3.0":
  "resolved" "https://registry.npmjs.org/level-iterator-stream/-/level-iterator-stream-1.3.1.tgz"
  "version" "1.3.1"
  dependencies:
    "inherits" "^2.0.1"
    "level-errors" "^1.0.3"
    "readable-stream" "^1.0.33"
    "xtend" "^4.0.0"

"level-iterator-stream@~4.0.0":
  "version" "4.0.2"
  dependencies:
    "inherits" "^2.0.4"
    "readable-stream" "^3.4.0"
    "xtend" "^4.0.2"

"level-post@^1.0.7":
  "version" "1.0.7"
  dependencies:
    "ltgt" "^2.1.2"

"level-sublevel@^6.5.1", "level-sublevel@^6.6.5":
  "version" "6.6.5"
  dependencies:
    "bytewise" "~1.1.0"
    "levelup" "~0.19.0"
    "ltgt" "~2.1.1"
    "pull-defer" "^0.2.2"
    "pull-level" "^2.0.3"
    "pull-stream" "^3.6.8"
    "typewiselite" "~1.0.0"
    "xtend" "~4.0.0"

"level-supports@~1.0.0":
  "version" "1.0.1"
  dependencies:
    "xtend" "^4.0.2"

"levelup@^1.2.1":
  "version" "1.3.9"
  dependencies:
    "deferred-leveldown" "~1.2.1"
    "level-codec" "~7.0.0"
    "level-errors" "~1.0.3"
    "level-iterator-stream" "~1.3.0"
    "prr" "~1.0.1"
    "semver" "~5.4.1"
    "xtend" "~4.0.0"

"levelup@^4.0.0":
  "version" "4.4.0"
  dependencies:
    "deferred-leveldown" "~5.3.0"
    "level-errors" "~2.0.0"
    "level-iterator-stream" "~4.0.0"
    "level-supports" "~1.0.0"
    "xtend" "~4.0.0"

"levelup@~0.19.0":
  "resolved" "https://registry.npmjs.org/levelup/-/levelup-0.19.1.tgz"
  "version" "0.19.1"
  dependencies:
    "bl" "~0.8.1"
    "deferred-leveldown" "~0.2.0"
    "errno" "~0.1.1"
    "prr" "~0.0.0"
    "readable-stream" "~1.0.26"
    "semver" "~5.1.0"
    "xtend" "~3.0.0"

"levn@^0.3.0", "levn@~0.3.0":
  "resolved" "https://registry.npmjs.org/levn/-/levn-0.3.0.tgz"
  "version" "0.3.0"
  dependencies:
    "prelude-ls" "~1.1.2"
    "type-check" "~0.3.2"

"lock@^0.1.2":
  "version" "0.1.4"

"lock@^1.1.0":
  "version" "1.1.0"

"lodash._baseassign@^3.0.0":
  "resolved" "https://registry.npmjs.org/lodash._baseassign/-/lodash._baseassign-3.2.0.tgz"
  "version" "3.2.0"
  dependencies:
    "lodash._basecopy" "^3.0.0"
    "lodash.keys" "^3.0.0"

"lodash._basecopy@^3.0.0":
  "resolved" "https://registry.npmjs.org/lodash._basecopy/-/lodash._basecopy-3.0.1.tgz"
  "version" "3.0.1"

"lodash._basecreate@^3.0.0":
  "resolved" "https://registry.npmjs.org/lodash._basecreate/-/lodash._basecreate-3.0.3.tgz"
  "version" "3.0.3"

"lodash._getnative@^3.0.0":
  "resolved" "https://registry.npmjs.org/lodash._getnative/-/lodash._getnative-3.9.1.tgz"
  "version" "3.9.1"

"lodash._isiterateecall@^3.0.0":
  "resolved" "https://registry.npmjs.org/lodash._isiterateecall/-/lodash._isiterateecall-3.0.9.tgz"
  "version" "3.0.9"

"lodash.cond@^4.3.0":
  "resolved" "https://registry.npmjs.org/lodash.cond/-/lodash.cond-4.5.2.tgz"
  "version" "4.5.2"

"lodash.create@3.1.1":
  "resolved" "https://registry.npmjs.org/lodash.create/-/lodash.create-3.1.1.tgz"
  "version" "3.1.1"
  dependencies:
    "lodash._baseassign" "^3.0.0"
    "lodash._basecreate" "^3.0.0"
    "lodash._isiterateecall" "^3.0.0"

"lodash.endswith@^4.0.1":
  "resolved" "https://registry.npmjs.org/lodash.endswith/-/lodash.endswith-4.2.1.tgz"
  "version" "4.2.1"

"lodash.find@^4.3.0":
  "resolved" "https://registry.npmjs.org/lodash.find/-/lodash.find-4.6.0.tgz"
  "version" "4.6.0"

"lodash.findindex@^4.3.0":
  "resolved" "https://registry.npmjs.org/lodash.findindex/-/lodash.findindex-4.6.0.tgz"
  "version" "4.6.0"

"lodash.isarguments@^3.0.0":
  "resolved" "https://registry.npmjs.org/lodash.isarguments/-/lodash.isarguments-3.1.0.tgz"
  "version" "3.1.0"

"lodash.isarray@^3.0.0":
  "resolved" "https://registry.npmjs.org/lodash.isarray/-/lodash.isarray-3.0.4.tgz"
  "version" "3.0.4"

"lodash.keys@^3.0.0":
  "resolved" "https://registry.npmjs.org/lodash.keys/-/lodash.keys-3.1.2.tgz"
  "version" "3.1.2"
  dependencies:
    "lodash._getnative" "^3.0.0"
    "lodash.isarguments" "^3.0.0"
    "lodash.isarray" "^3.0.0"

"lodash@^3.10.1":
  "resolved" "https://registry.npmjs.org/lodash/-/lodash-3.10.1.tgz"
  "version" "3.10.1"

"lodash@^4.0.0":
  "version" "4.17.21"

"lodash@^4.17.14":
  "version" "4.17.21"

"lodash@^4.3.0":
  "version" "4.17.21"

"looper@^2.0.0":
  "resolved" "https://registry.npmjs.org/looper/-/looper-2.0.0.tgz"
  "version" "2.0.0"

"looper@^3.0.0":
  "resolved" "https://registry.npmjs.org/looper/-/looper-3.0.0.tgz"
  "version" "3.0.0"

"ltgt@^2.1.2", "ltgt@~2.1.1":
  "resolved" "https://registry.npmjs.org/ltgt/-/ltgt-2.1.3.tgz"
  "version" "2.1.3"

"ltgt@~2.2.0":
  "version" "2.2.1"

"md5@^2.0.0":
  "version" "2.3.0"
  dependencies:
    "charenc" "0.0.2"
    "crypt" "0.0.2"
    "is-buffer" "~1.1.6"

"memdown@^1.0.0":
  "version" "1.4.1"
  dependencies:
    "abstract-leveldown" "~2.7.1"
    "functional-red-black-tree" "^1.0.1"
    "immediate" "^3.2.3"
    "inherits" "~2.0.1"
    "ltgt" "~2.2.0"
    "safe-buffer" "~5.1.1"

"memdown@^3.0.0":
  "version" "3.0.0"
  dependencies:
    "abstract-leveldown" "~5.0.0"
    "functional-red-black-tree" "~1.0.1"
    "immediate" "~3.2.3"
    "inherits" "~2.0.1"
    "ltgt" "~2.2.0"
    "safe-buffer" "~5.1.1"

"minimatch@^3.0.2", "minimatch@^3.0.3", "minimatch@^3.1.1", "minimatch@2 || 3":
  "version" "3.1.2"
  dependencies:
    "brace-expansion" "^1.1.7"

"minimist@^1.2.0", "minimist@^1.2.5", "minimist@^1.2.6":
  "version" "1.2.7"

"minimist@0.0.8":
  "resolved" "https://registry.npmjs.org/minimist/-/minimist-0.0.8.tgz"
  "version" "0.0.8"

"mkdirp@^0.5.0", "mkdirp@^0.5.1", "mkdirp@0.5.x":
  "version" "0.5.6"
  dependencies:
    "minimist" "^1.2.6"

"mkdirp@0.5.1":
  "resolved" "https://registry.npmjs.org/mkdirp/-/mkdirp-0.5.1.tgz"
  "version" "0.5.1"
  dependencies:
    "minimist" "0.0.8"

"mocha@^3.2.0":
  "version" "3.5.3"
  dependencies:
    "browser-stdout" "1.3.0"
    "commander" "2.9.0"
    "debug" "2.6.8"
    "diff" "3.2.0"
    "escape-string-regexp" "1.0.5"
    "glob" "7.1.1"
    "growl" "1.9.2"
    "he" "1.1.1"
    "json3" "3.3.2"
    "lodash.create" "3.1.1"
    "mkdirp" "0.5.1"
    "supports-color" "3.1.2"

"moment@^2.10.6":
  "version" "2.29.4"

"ms@2.0.0":
  "version" "2.0.0"

"mute-stream@0.0.5":
  "resolved" "https://registry.npmjs.org/mute-stream/-/mute-stream-0.0.5.tgz"
  "version" "0.0.5"

"natural-compare@^1.4.0":
  "resolved" "https://registry.npmjs.org/natural-compare/-/natural-compare-1.4.0.tgz"
  "version" "1.4.0"

"neo-async@^2.6.0":
  "version" "2.6.2"

"next-tick@^1.1.0":
  "version" "1.1.0"

"node-uuid@^1.4.7":
  "version" "1.4.8"

"nopt@3.x":
  "resolved" "https://registry.npmjs.org/nopt/-/nopt-3.0.6.tgz"
  "version" "3.0.6"
  dependencies:
    "abbrev" "1"

"number-is-nan@^1.0.0":
  "resolved" "https://registry.npmjs.org/number-is-nan/-/number-is-nan-1.0.1.tgz"
  "version" "1.0.1"

"object-assign@^4.0.1", "object-assign@^4.1.0":
  "resolved" "https://registry.npmjs.org/object-assign/-/object-assign-4.1.1.tgz"
  "version" "4.1.1"

"object-inspect@^1.12.2", "object-inspect@^1.9.0":
  "version" "1.12.2"

"object-keys@^1.1.1":
  "version" "1.1.1"

"object.assign@^4.0.4", "object.assign@^4.1.4":
  "version" "4.1.4"
  dependencies:
    "call-bind" "^1.0.2"
    "define-properties" "^1.1.4"
    "has-symbols" "^1.0.3"
    "object-keys" "^1.1.1"

"once@^1.3.0", "once@^1.3.2", "once@^1.3.3", "once@1.x":
  "resolved" "https://registry.npmjs.org/once/-/once-1.4.0.tgz"
  "version" "1.4.0"
  dependencies:
    "wrappy" "1"

"onetime@^1.0.0":
  "resolved" "https://registry.npmjs.org/onetime/-/onetime-1.1.0.tgz"
  "version" "1.1.0"

"optionator@^0.8.1", "optionator@^0.8.2":
  "version" "0.8.3"
  dependencies:
    "deep-is" "~0.1.3"
    "fast-levenshtein" "~2.0.6"
    "levn" "~0.3.0"
    "prelude-ls" "~1.1.2"
    "type-check" "~0.3.2"
    "word-wrap" "~1.2.3"

"os-homedir@^1.0.0":
  "resolved" "https://registry.npmjs.org/os-homedir/-/os-homedir-1.0.2.tgz"
  "version" "1.0.2"

"path-exists@^2.0.0":
  "resolved" "https://registry.npmjs.org/path-exists/-/path-exists-2.1.0.tgz"
  "version" "2.1.0"
  dependencies:
    "pinkie-promise" "^2.0.0"

"path-is-absolute@^1.0.0":
  "resolved" "https://registry.npmjs.org/path-is-absolute/-/path-is-absolute-1.0.1.tgz"
  "version" "1.0.1"

"path-is-inside@^1.0.1":
  "resolved" "https://registry.npmjs.org/path-is-inside/-/path-is-inside-1.0.2.tgz"
  "version" "1.0.2"

"path-parse@^1.0.7":
  "version" "1.0.7"

"pinkie-promise@^2.0.0":
  "resolved" "https://registry.npmjs.org/pinkie-promise/-/pinkie-promise-2.0.1.tgz"
  "version" "2.0.1"
  dependencies:
    "pinkie" "^2.0.0"

"pinkie@^2.0.0":
  "resolved" "https://registry.npmjs.org/pinkie/-/pinkie-2.0.4.tgz"
  "version" "2.0.4"

"pkg-dir@^1.0.0":
  "resolved" "https://registry.npmjs.org/pkg-dir/-/pkg-dir-1.0.0.tgz"
  "version" "1.0.0"
  dependencies:
    "find-up" "^1.0.0"

"pkg-up@^1.0.0":
  "resolved" "https://registry.npmjs.org/pkg-up/-/pkg-up-1.0.0.tgz"
  "version" "1.0.0"
  dependencies:
    "find-up" "^1.0.0"

"pluralize@^1.2.1":
  "resolved" "https://registry.npmjs.org/pluralize/-/pluralize-1.2.1.tgz"
  "version" "1.2.1"

"prelude-ls@~1.1.2":
  "resolved" "https://registry.npmjs.org/prelude-ls/-/prelude-ls-1.1.2.tgz"
  "version" "1.1.2"

"process-nextick-args@~2.0.0":
  "version" "2.0.1"

"progress@^1.1.8":
  "resolved" "https://registry.npmjs.org/progress/-/progress-1.1.8.tgz"
  "version" "1.1.8"

"promise@~3.2.0":
  "resolved" "https://registry.npmjs.org/promise/-/promise-3.2.0.tgz"
  "version" "3.2.0"

"prr@~0.0.0":
  "resolved" "https://registry.npmjs.org/prr/-/prr-0.0.0.tgz"
  "version" "0.0.0"

"prr@~1.0.1":
  "resolved" "https://registry.npmjs.org/prr/-/prr-1.0.1.tgz"
  "version" "1.0.1"

"pull-cat@^1.1.9":
  "resolved" "https://registry.npmjs.org/pull-cat/-/pull-cat-1.1.11.tgz"
  "version" "1.1.11"

"pull-defer@^0.2.2":
  "version" "0.2.3"

"pull-level@^2.0.3":
  "version" "2.0.4"
  dependencies:
    "level-post" "^1.0.7"
    "pull-cat" "^1.1.9"
    "pull-live" "^1.0.1"
    "pull-pushable" "^2.0.0"
    "pull-stream" "^3.4.0"
    "pull-window" "^2.1.4"
    "stream-to-pull-stream" "^1.7.1"

"pull-live@^1.0.1":
  "resolved" "https://registry.npmjs.org/pull-live/-/pull-live-1.0.1.tgz"
  "version" "1.0.1"
  dependencies:
    "pull-cat" "^1.1.9"
    "pull-stream" "^3.4.0"

"pull-pushable@^2.0.0":
  "version" "2.2.0"

"pull-stream@^3.2.3", "pull-stream@^3.4.0", "pull-stream@^3.6.8":
  "version" "3.6.14"

"pull-window@^2.1.4":
  "resolved" "https://registry.npmjs.org/pull-window/-/pull-window-2.1.4.tgz"
  "version" "2.1.4"
  dependencies:
    "looper" "^2.0.0"

"punycode@1.3.2":
  "resolved" "https://registry.npmjs.org/punycode/-/punycode-1.3.2.tgz"
  "version" "1.3.2"

"q-repeat@git+https://github.com/machinemetrics/q-repeat.git":
  "resolved" "git+ssh://git@github.com/machinemetrics/q-repeat.git#01993e44bf9049a96c9e81ac5ab5a74b27b5d59e"
  "version" "0.1.0"

"q@^1.1.2", "q@^1.4.1", "q@>= 1.2.0":
  "version" "1.5.1"

"q@~1.0.0":
  "resolved" "https://registry.npmjs.org/q/-/q-1.0.1.tgz"
  "version" "1.0.1"

"querystring@0.2.0":
  "resolved" "https://registry.npmjs.org/querystring/-/querystring-0.2.0.tgz"
  "version" "0.2.0"

"readable-stream@^1.0.33", "readable-stream@~1.0.26":
  "resolved" "https://registry.npmjs.org/readable-stream/-/readable-stream-1.0.34.tgz"
  "version" "1.0.34"
  dependencies:
    "core-util-is" "~1.0.0"
    "inherits" "~2.0.1"
    "isarray" "0.0.1"
    "string_decoder" "~0.10.x"

"readable-stream@^2.2.2":
  "version" "2.3.7"
  dependencies:
    "core-util-is" "~1.0.0"
    "inherits" "~2.0.3"
    "isarray" "~1.0.0"
    "process-nextick-args" "~2.0.0"
    "safe-buffer" "~5.1.1"
    "string_decoder" "~1.1.1"
    "util-deprecate" "~1.0.1"

"readable-stream@^3.4.0":
  "version" "3.6.0"
  dependencies:
    "inherits" "^2.0.3"
    "string_decoder" "^1.1.1"
    "util-deprecate" "^1.0.1"

"readline2@^1.0.1":
  "resolved" "https://registry.npmjs.org/readline2/-/readline2-1.0.1.tgz"
  "version" "1.0.1"
  dependencies:
    "code-point-at" "^1.0.0"
    "is-fullwidth-code-point" "^1.0.0"
    "mute-stream" "0.0.5"

"rechoir@^0.6.2":
  "resolved" "https://registry.npmjs.org/rechoir/-/rechoir-0.6.2.tgz"
  "version" "0.6.2"
  dependencies:
    "resolve" "^1.1.6"

"redis-commands@^1.2.0":
  "version" "1.7.0"

"redis-parser@^2.6.0":
  "version" "2.6.0"

"redis@^2.4.2":
  "version" "2.8.0"
  dependencies:
    "double-ended-queue" "^2.1.0-0"
    "redis-commands" "^1.2.0"
    "redis-parser" "^2.6.0"

"regexp.prototype.flags@^1.4.3":
  "version" "1.4.3"
  dependencies:
    "call-bind" "^1.0.2"
    "define-properties" "^1.1.3"
    "functions-have-names" "^1.2.2"

"require-uncached@^1.0.2":
  "resolved" "https://registry.npmjs.org/require-uncached/-/require-uncached-1.0.3.tgz"
  "version" "1.0.3"
  dependencies:
    "caller-path" "^0.1.0"
    "resolve-from" "^1.0.0"

"resolve-from@^1.0.0":
  "resolved" "https://registry.npmjs.org/resolve-from/-/resolve-from-1.0.1.tgz"
  "version" "1.0.1"

"resolve@^1.1.6":
  "version" "1.22.1"
  dependencies:
    "is-core-module" "^2.9.0"
    "path-parse" "^1.0.7"
    "supports-preserve-symlinks-flag" "^1.0.0"

"resolve@1.1.x":
  "resolved" "https://registry.npmjs.org/resolve/-/resolve-1.1.7.tgz"
  "version" "1.1.7"

"restore-cursor@^1.0.1":
  "resolved" "https://registry.npmjs.org/restore-cursor/-/restore-cursor-1.0.1.tgz"
  "version" "1.0.1"
  dependencies:
    "exit-hook" "^1.0.0"
    "onetime" "^1.0.0"

"rimraf@~2.6.2":
  "version" "2.6.3"
  dependencies:
    "glob" "^7.1.3"

"run-async@^0.1.0":
  "resolved" "https://registry.npmjs.org/run-async/-/run-async-0.1.0.tgz"
  "version" "0.1.0"
  dependencies:
    "once" "^1.3.0"

"rx-lite@^3.1.2":
  "resolved" "https://registry.npmjs.org/rx-lite/-/rx-lite-3.1.2.tgz"
  "version" "3.1.2"

"safe-buffer@~5.1.0", "safe-buffer@~5.1.1":
  "version" "5.1.2"

"safe-buffer@~5.2.0":
  "version" "5.2.1"

"safe-regex-test@^1.0.0":
  "version" "1.0.0"
  dependencies:
    "call-bind" "^1.0.2"
    "get-intrinsic" "^1.1.3"
    "is-regex" "^1.1.4"

"sax@>=0.6.0", "sax@1.2.1":
  "version" "1.2.1"

"semver@~5.1.0":
  "resolved" "https://registry.npmjs.org/semver/-/semver-5.1.1.tgz"
  "version" "5.1.1"

"semver@~5.4.1":
  "version" "5.4.1"

"shelljs@^0.7.5":
  "version" "0.7.8"
  dependencies:
    "glob" "^7.0.0"
    "interpret" "^1.0.0"
    "rechoir" "^0.6.2"

"should-equal@0.5.0":
  "resolved" "https://registry.npmjs.org/should-equal/-/should-equal-0.5.0.tgz"
  "version" "0.5.0"
  dependencies:
    "should-type" "0.2.0"

"should-format@0.3.1":
  "resolved" "https://registry.npmjs.org/should-format/-/should-format-0.3.1.tgz"
  "version" "0.3.1"
  dependencies:
    "should-type" "0.2.0"

"should-type@0.2.0":
  "resolved" "https://registry.npmjs.org/should-type/-/should-type-0.2.0.tgz"
  "version" "0.2.0"

"should@^7.1.0":
  "resolved" "https://registry.npmjs.org/should/-/should-7.1.1.tgz"
  "version" "7.1.1"
  dependencies:
    "should-equal" "0.5.0"
    "should-format" "0.3.1"
    "should-type" "0.2.0"

"side-channel@^1.0.4":
  "version" "1.0.4"
  dependencies:
    "call-bind" "^1.0.0"
    "get-intrinsic" "^1.0.2"
    "object-inspect" "^1.9.0"

"slice-ansi@0.0.4":
  "resolved" "https://registry.npmjs.org/slice-ansi/-/slice-ansi-0.0.4.tgz"
  "version" "0.0.4"

"source-map@^0.6.1":
  "version" "0.6.1"

"source-map@~0.2.0":
  "resolved" "https://registry.npmjs.org/source-map/-/source-map-0.2.0.tgz"
  "version" "0.2.0"
  dependencies:
    "amdefine" ">=0.0.4"

"sprintf-js@~1.0.2":
  "resolved" "https://registry.npmjs.org/sprintf-js/-/sprintf-js-1.0.3.tgz"
  "version" "1.0.3"

"stream-to-pull-stream@^1.7.1":
  "version" "1.7.3"
  dependencies:
    "looper" "^3.0.0"
    "pull-stream" "^3.2.3"

"string_decoder@^1.1.1":
  "version" "1.3.0"
  dependencies:
    "safe-buffer" "~5.2.0"

"string_decoder@~0.10.x":
  "resolved" "https://registry.npmjs.org/string_decoder/-/string_decoder-0.10.31.tgz"
  "version" "0.10.31"

"string_decoder@~1.1.1":
  "version" "1.1.1"
  dependencies:
    "safe-buffer" "~5.1.0"

"string-width@^1.0.1":
  "resolved" "https://registry.npmjs.org/string-width/-/string-width-1.0.2.tgz"
  "version" "1.0.2"
  dependencies:
    "code-point-at" "^1.0.0"
    "is-fullwidth-code-point" "^1.0.0"
    "strip-ansi" "^3.0.0"

"string-width@^2.0.0":
  "version" "2.1.1"
  dependencies:
    "is-fullwidth-code-point" "^2.0.0"
    "strip-ansi" "^4.0.0"

"string.prototype.trimend@^1.0.5":
  "version" "1.0.5"
  dependencies:
    "call-bind" "^1.0.2"
    "define-properties" "^1.1.4"
    "es-abstract" "^1.19.5"

"string.prototype.trimstart@^1.0.5":
  "version" "1.0.5"
  dependencies:
    "call-bind" "^1.0.2"
    "define-properties" "^1.1.4"
    "es-abstract" "^1.19.5"

"strip-ansi@^3.0.0":
  "resolved" "https://registry.npmjs.org/strip-ansi/-/strip-ansi-3.0.1.tgz"
  "version" "3.0.1"
  dependencies:
    "ansi-regex" "^2.0.0"

"strip-ansi@^4.0.0":
  "version" "4.0.0"
  dependencies:
    "ansi-regex" "^3.0.0"

"strip-bom@^3.0.0":
  "resolved" "https://registry.npmjs.org/strip-bom/-/strip-bom-3.0.0.tgz"
  "version" "3.0.0"

"strip-json-comments@~2.0.1":
  "resolved" "https://registry.npmjs.org/strip-json-comments/-/strip-json-comments-2.0.1.tgz"
  "version" "2.0.1"

"supports-color@^2.0.0":
  "resolved" "https://registry.npmjs.org/supports-color/-/supports-color-2.0.0.tgz"
  "version" "2.0.0"

"supports-color@^3.1.0":
  "resolved" "https://registry.npmjs.org/supports-color/-/supports-color-3.2.3.tgz"
  "version" "3.2.3"
  dependencies:
    "has-flag" "^1.0.0"

"supports-color@3.1.2":
  "resolved" "https://registry.npmjs.org/supports-color/-/supports-color-3.1.2.tgz"
  "version" "3.1.2"
  dependencies:
    "has-flag" "^1.0.0"

"supports-preserve-symlinks-flag@^1.0.0":
  "version" "1.0.0"

"table@^3.7.8":
  "resolved" "https://registry.npmjs.org/table/-/table-3.8.3.tgz"
  "version" "3.8.3"
  dependencies:
    "ajv" "^4.7.0"
    "ajv-keywords" "^1.0.0"
    "chalk" "^1.1.1"
    "lodash" "^4.0.0"
    "slice-ansi" "0.0.4"
    "string-width" "^2.0.0"

"text-table@~0.2.0":
  "resolved" "https://registry.npmjs.org/text-table/-/text-table-0.2.0.tgz"
  "version" "0.2.0"

"throat@~1.0.0":
  "resolved" "https://registry.npmjs.org/throat/-/throat-1.0.0.tgz"
  "version" "1.0.0"
  dependencies:
    "promise" "~3.2.0"

"through@^2.3.6":
  "resolved" "https://registry.npmjs.org/through/-/through-2.3.8.tgz"
  "version" "2.3.8"

"type-check@~0.3.2":
  "resolved" "https://registry.npmjs.org/type-check/-/type-check-0.3.2.tgz"
  "version" "0.3.2"
  dependencies:
    "prelude-ls" "~1.1.2"

"type@^1.0.1":
  "version" "1.2.0"

"type@^2.7.2":
  "version" "2.7.2"

"typedarray@^0.0.6":
  "resolved" "https://registry.npmjs.org/typedarray/-/typedarray-0.0.6.tgz"
  "version" "0.0.6"

"typewise-core@^1.2", "typewise-core@^1.2.0":
  "resolved" "https://registry.npmjs.org/typewise-core/-/typewise-core-1.2.0.tgz"
  "version" "1.2.0"

"typewise@^1.0.3":
  "resolved" "https://registry.npmjs.org/typewise/-/typewise-1.0.3.tgz"
  "version" "1.0.3"
  dependencies:
    "typewise-core" "^1.2.0"

"typewiselite@~1.0.0":
  "resolved" "https://registry.npmjs.org/typewiselite/-/typewiselite-1.0.0.tgz"
  "version" "1.0.0"

"uglify-js@^3.1.4":
  "version" "3.17.3"

"unbox-primitive@^1.0.2":
  "version" "1.0.2"
  dependencies:
    "call-bind" "^1.0.2"
    "has-bigints" "^1.0.2"
    "has-symbols" "^1.0.3"
    "which-boxed-primitive" "^1.0.2"

"url@0.10.3":
  "resolved" "https://registry.npmjs.org/url/-/url-0.10.3.tgz"
  "version" "0.10.3"
  dependencies:
    "punycode" "1.3.2"
    "querystring" "0.2.0"

"user-home@^2.0.0":
  "resolved" "https://registry.npmjs.org/user-home/-/user-home-2.0.0.tgz"
  "version" "2.0.0"
  dependencies:
    "os-homedir" "^1.0.0"

"util-deprecate@^1.0.1", "util-deprecate@~1.0.1":
  "resolved" "https://registry.npmjs.org/util-deprecate/-/util-deprecate-1.0.2.tgz"
  "version" "1.0.2"

"util@^0.12.4":
  "version" "0.12.5"
  dependencies:
    "inherits" "^2.0.3"
    "is-arguments" "^1.0.4"
    "is-generator-function" "^1.0.7"
    "is-typed-array" "^1.1.3"
    "which-typed-array" "^1.1.2"

"uuid@8.0.0":
  "version" "8.0.0"

"which-boxed-primitive@^1.0.2":
  "version" "1.0.2"
  dependencies:
    "is-bigint" "^1.0.1"
    "is-boolean-object" "^1.1.0"
    "is-number-object" "^1.0.4"
    "is-string" "^1.0.5"
    "is-symbol" "^1.0.3"

"which-typed-array@^1.1.2":
  "version" "1.1.8"
  dependencies:
    "available-typed-arrays" "^1.0.5"
    "call-bind" "^1.0.2"
    "es-abstract" "^1.20.0"
    "for-each" "^0.3.3"
    "has-tostringtag" "^1.0.0"
    "is-typed-array" "^1.1.9"

"which@^1.1.1":
  "version" "1.3.1"
  dependencies:
    "isexe" "^2.0.0"

"word-wrap@~1.2.3":
  "version" "1.2.3"

"wordwrap@^1.0.0":
  "resolved" "https://registry.npmjs.org/wordwrap/-/wordwrap-1.0.0.tgz"
  "version" "1.0.0"

"wrappy@1":
  "resolved" "https://registry.npmjs.org/wrappy/-/wrappy-1.0.2.tgz"
  "version" "1.0.2"

"write@^0.2.1":
  "resolved" "https://registry.npmjs.org/write/-/write-0.2.1.tgz"
  "version" "0.2.1"
  dependencies:
    "mkdirp" "^0.5.1"

"xml2js@0.4.19":
  "version" "0.4.19"
  dependencies:
    "sax" ">=0.6.0"
    "xmlbuilder" "~9.0.1"

"xmlbuilder@~9.0.1":
  "version" "9.0.7"

"xtend@^4.0.0", "xtend@^4.0.2", "xtend@~4.0.0":
  "version" "4.0.2"

"xtend@~3.0.0":
  "resolved" "https://registry.npmjs.org/xtend/-/xtend-3.0.0.tgz"
  "version" "3.0.0"
